
Microsoft Visual Studio Solution File, Format Version 12.00
# Visual Studio Version 17
VisualStudioVersion = 17.14.36518.9
MinimumVisualStudioVersion = 10.0.40219.1
Project("{2150E333-8FDC-42A3-9474-1A3956D46DE8}") = "Task0", "Task0", "{02EA681E-C7D8-13C7-8484-4AC65E1B71E8}"
EndProject
Project("{FAE04EC0-301F-11D3-BF4B-00C04F79EFBC}") = "Tyuiu.KuharonakSV.Sprint3.Task0.V20", "Tyuiu.KuharonakSV.Sprint3.Task0.V20\Tyuiu.KuharonakSV.Sprint3.Task0.V20.csproj", "{5CF8E18E-73F1-4E93-AB00-31866C87B320}"
EndProject
Project("{FAE04EC0-301F-11D3-BF4B-00C04F79EFBC}") = "Tyuiu.KuharonakSV.Sprint3.Task0.V20.Lib", "Tyuiu.KuharonakSV.Sprint3.Task0.V20.Lib\Tyuiu.KuharonakSV.Sprint3.Task0.V20.Lib.csproj", "{D1A1AADC-E4DC-49A0-AACC-7627D05E199D}"
EndProject
Project("{FAE04EC0-301F-11D3-BF4B-00C04F79EFBC}") = "Tyuiu.KuharonakSV.Sprint3.Task0.V20.Test", "Tyuiu.KuharonakSV.Sprint3.Task0.V20.Test\Tyuiu.KuharonakSV.Sprint3.Task0.V20.Test.csproj", "{081E83F2-05EE-4BB7-B8D5-2BDB6CF4AD7D}"
EndProject
Project("{2150E333-8FDC-42A3-9474-1A3956D46DE8}") = "Task1", "Task1", "{F36F3A62-7362-4980-A177-F243A9DEF184}"
EndProject
Project("{FAE04EC0-301F-11D3-BF4B-00C04F79EFBC}") = "Tyuiu.KuharonakSV.Sprint3.Task1.V26", "Tyuiu.KuharonakSV.Sprint3.Task1.V26\Tyuiu.KuharonakSV.Sprint3.Task1.V26.csproj", "{830BC09F-4AB9-4521-A78A-783C347F82B1}"
EndProject
Project("{FAE04EC0-301F-11D3-BF4B-00C04F79EFBC}") = "Tyuiu.KuharonakSV.Sprint3.Task1.V26.Lib", "Tyuiu.KuharonakSV.Sprint3.Task1.V26.Lib\Tyuiu.KuharonakSV.Sprint3.Task1.V26.Lib.csproj", "{9640E10F-ADEA-4C7B-825B-3BEC00F95279}"
EndProject
Project("{FAE04EC0-301F-11D3-BF4B-00C04F79EFBC}") = "Tyuiu.KuharonakSV.Sprint3.Task1.V26.Test", "Tyuiu.KuharonakSV.Sprint3.Task1.V26.Test\Tyuiu.KuharonakSV.Sprint3.Task1.V26.Test.csproj", "{7B836A4D-ACB9-4DAB-B1AB-8ACCA5A3B086}"
EndProject
Project("{2150E333-8FDC-42A3-9474-1A3956D46DE8}") = "Task2", "Task2", "{0D6C0495-3E8D-4610-97EE-F66FE1D435F6}"
EndProject
Project("{FAE04EC0-301F-11D3-BF4B-00C04F79EFBC}") = "Tyuiu.KuharonakSV.Sprint3.Task2.V5", "Tyuiu.KuharonakSV.Sprint3.Task2.V5\Tyuiu.KuharonakSV.Sprint3.Task2.V5.csproj", "{F22E60F2-560B-4EB3-B76B-B71A815CF9AB}"
EndProject
Project("{FAE04EC0-301F-11D3-BF4B-00C04F79EFBC}") = "Tyuiu.KuharonakSV.Sprint3.Task2.V5.Lib", "Tyuiu.KuharonakSV.Sprint3.Task2.V5.Lib\Tyuiu.KuharonakSV.Sprint3.Task2.V5.Lib.csproj", "{413FB60E-93F6-43AB-BB7C-DBD710228A59}"
EndProject
Project("{FAE04EC0-301F-11D3-BF4B-00C04F79EFBC}") = "Tyuiu.KuharonakSV.Sprint3.Task2.V5.Test", "Tyuiu.KuharonakSV.Sprint3.Task2.V5.Test\Tyuiu.KuharonakSV.Sprint3.Task2.V5.Test.csproj", "{14F0E6AC-AE88-4442-B425-977755EDFEFF}"
EndProject
Project("{2150E333-8FDC-42A3-9474-1A3956D46DE8}") = "Task3", "Task3", "{9376892C-5EED-473D-90F8-10830568AC30}"
EndProject
Project("{FAE04EC0-301F-11D3-BF4B-00C04F79EFBC}") = "Tyuiu.KuharonakSV.Sprint3.Task3.V30", "Tyuiu.KuharonakSV.Sprint3.Task3.V30\Tyuiu.KuharonakSV.Sprint3.Task3.V30.csproj", "{2B3796EC-9C25-4EA9-AB0A-506038226999}"
EndProject
Project("{FAE04EC0-301F-11D3-BF4B-00C04F79EFBC}") = "Tyuiu.KuharonakSV.Sprint3.Task3.V30.Lib", "Tyuiu.KuharonakSV.Sprint3.Task3.V30.Lib\Tyuiu.KuharonakSV.Sprint3.Task3.V30.Lib.csproj", "{47374357-E996-4F7B-AB9C-849A800EAD3F}"
EndProject
Project("{FAE04EC0-301F-11D3-BF4B-00C04F79EFBC}") = "Tyuiu.KuharonakSV.Sprint3.Task3.V30.Test", "Tyuiu.KuharonakSV.Sprint3.Task3.V30.Test\Tyuiu.KuharonakSV.Sprint3.Task3.V30.Test.csproj", "{3CCD6399-9346-4F6D-A577-9967EFF587DB}"
EndProject
Global
	GlobalSection(SolutionConfigurationPlatforms) = preSolution
		Debug|Any CPU = Debug|Any CPU
		Release|Any CPU = Release|Any CPU
	EndGlobalSection
	GlobalSection(ProjectConfigurationPlatforms) = postSolution
		{5CF8E18E-73F1-4E93-AB00-31866C87B320}.Debug|Any CPU.ActiveCfg = Debug|Any CPU
		{5CF8E18E-73F1-4E93-AB00-31866C87B320}.Debug|Any CPU.Build.0 = Debug|Any CPU
		{5CF8E18E-73F1-4E93-AB00-31866C87B320}.Release|Any CPU.ActiveCfg = Release|Any CPU
		{5CF8E18E-73F1-4E93-AB00-31866C87B320}.Release|Any CPU.Build.0 = Release|Any CPU
		{D1A1AADC-E4DC-49A0-AACC-7627D05E199D}.Debug|Any CPU.ActiveCfg = Debug|Any CPU
		{D1A1AADC-E4DC-49A0-AACC-7627D05E199D}.Debug|Any CPU.Build.0 = Debug|Any CPU
		{D1A1AADC-E4DC-49A0-AACC-7627D05E199D}.Release|Any CPU.ActiveCfg = Release|Any CPU
		{D1A1AADC-E4DC-49A0-AACC-7627D05E199D}.Release|Any CPU.Build.0 = Release|Any CPU
		{081E83F2-05EE-4BB7-B8D5-2BDB6CF4AD7D}.Debug|Any CPU.ActiveCfg = Debug|Any CPU
		{081E83F2-05EE-4BB7-B8D5-2BDB6CF4AD7D}.Debug|Any CPU.Build.0 = Debug|Any CPU
		{081E83F2-05EE-4BB7-B8D5-2BDB6CF4AD7D}.Release|Any CPU.ActiveCfg = Release|Any CPU
		{081E83F2-05EE-4BB7-B8D5-2BDB6CF4AD7D}.Release|Any CPU.Build.0 = Release|Any CPU
		{830BC09F-4AB9-4521-A78A-783C347F82B1}.Debug|Any CPU.ActiveCfg = Debug|Any CPU
		{830BC09F-4AB9-4521-A78A-783C347F82B1}.Debug|Any CPU.Build.0 = Debug|Any CPU
		{830BC09F-4AB9-4521-A78A-783C347F82B1}.Release|Any CPU.ActiveCfg = Release|Any CPU
		{830BC09F-4AB9-4521-A78A-783C347F82B1}.Release|Any CPU.Build.0 = Release|Any CPU
		{9640E10F-ADEA-4C7B-825B-3BEC00F95279}.Debug|Any CPU.ActiveCfg = Debug|Any CPU
		{9640E10F-ADEA-4C7B-825B-3BEC00F95279}.Debug|Any CPU.Build.0 = Debug|Any CPU
		{9640E10F-ADEA-4C7B-825B-3BEC00F95279}.Release|Any CPU.ActiveCfg = Release|Any CPU
		{9640E10F-ADEA-4C7B-825B-3BEC00F95279}.Release|Any CPU.Build.0 = Release|Any CPU
		{7B836A4D-ACB9-4DAB-B1AB-8ACCA5A3B086}.Debug|Any CPU.ActiveCfg = Debug|Any CPU
		{7B836A4D-ACB9-4DAB-B1AB-8ACCA5A3B086}.Debug|Any CPU.Build.0 = Debug|Any CPU
		{7B836A4D-ACB9-4DAB-B1AB-8ACCA5A3B086}.Release|Any CPU.ActiveCfg = Release|Any CPU
		{7B836A4D-ACB9-4DAB-B1AB-8ACCA5A3B086}.Release|Any CPU.Build.0 = Release|Any CPU
		{F22E60F2-560B-4EB3-B76B-B71A815CF9AB}.Debug|Any CPU.ActiveCfg = Debug|Any CPU
		{F22E60F2-560B-4EB3-B76B-B71A815CF9AB}.Debug|Any CPU.Build.0 = Debug|Any CPU
		{F22E60F2-560B-4EB3-B76B-B71A815CF9AB}.Release|Any CPU.ActiveCfg = Release|Any CPU
		{F22E60F2-560B-4EB3-B76B-B71A815CF9AB}.Release|Any CPU.Build.0 = Release|Any CPU
		{413FB60E-93F6-43AB-BB7C-DBD710228A59}.Debug|Any CPU.ActiveCfg = Debug|Any CPU
		{413FB60E-93F6-43AB-BB7C-DBD710228A59}.Debug|Any CPU.Build.0 = Debug|Any CPU
		{413FB60E-93F6-43AB-BB7C-DBD710228A59}.Release|Any CPU.ActiveCfg = Release|Any CPU
		{413FB60E-93F6-43AB-BB7C-DBD710228A59}.Release|Any CPU.Build.0 = Release|Any CPU
		{14F0E6AC-AE88-4442-B425-977755EDFEFF}.Debug|Any CPU.ActiveCfg = Debug|Any CPU
		{14F0E6AC-AE88-4442-B425-977755EDFEFF}.Debug|Any CPU.Build.0 = Debug|Any CPU
		{14F0E6AC-AE88-4442-B425-977755EDFEFF}.Release|Any CPU.ActiveCfg = Release|Any CPU
		{14F0E6AC-AE88-4442-B425-977755EDFEFF}.Release|Any CPU.Build.0 = Release|Any CPU
		{2B3796EC-9C25-4EA9-AB0A-506038226999}.Debug|Any CPU.ActiveCfg = Debug|Any CPU
		{2B3796EC-9C25-4EA9-AB0A-506038226999}.Debug|Any CPU.Build.0 = Debug|Any CPU
		{2B3796EC-9C25-4EA9-AB0A-506038226999}.Release|Any CPU.ActiveCfg = Release|Any CPU
		{2B3796EC-9C25-4EA9-AB0A-506038226999}.Release|Any CPU.Build.0 = Release|Any CPU
		{47374357-E996-4F7B-AB9C-849A800EAD3F}.Debug|Any CPU.ActiveCfg = Debug|Any CPU
		{47374357-E996-4F7B-AB9C-849A800EAD3F}.Debug|Any CPU.Build.0 = Debug|Any CPU
		{47374357-E996-4F7B-AB9C-849A800EAD3F}.Release|Any CPU.ActiveCfg = Release|Any CPU
		{47374357-E996-4F7B-AB9C-849A800EAD3F}.Release|Any CPU.Build.0 = Release|Any CPU
		{3CCD6399-9346-4F6D-A577-9967EFF587DB}.Debug|Any CPU.ActiveCfg = Debug|Any CPU
		{3CCD6399-9346-4F6D-A577-9967EFF587DB}.Debug|Any CPU.Build.0 = Debug|Any CPU
		{3CCD6399-9346-4F6D-A577-9967EFF587DB}.Release|Any CPU.ActiveCfg = Release|Any CPU
		{3CCD6399-9346-4F6D-A577-9967EFF587DB}.Release|Any CPU.Build.0 = Release|Any CPU
	EndGlobalSection
	GlobalSection(SolutionProperties) = preSolution
		HideSolutionNode = FALSE
	EndGlobalSection
	GlobalSection(NestedProjects) = preSolution
		{5CF8E18E-73F1-4E93-AB00-31866C87B320} = {02EA681E-C7D8-13C7-8484-4AC65E1B71E8}
		{D1A1AADC-E4DC-49A0-AACC-7627D05E199D} = {02EA681E-C7D8-13C7-8484-4AC65E1B71E8}
		{081E83F2-05EE-4BB7-B8D5-2BDB6CF4AD7D} = {02EA681E-C7D8-13C7-8484-4AC65E1B71E8}
		{830BC09F-4AB9-4521-A78A-783C347F82B1} = {F36F3A62-7362-4980-A177-F243A9DEF184}
		{9640E10F-ADEA-4C7B-825B-3BEC00F95279} = {F36F3A62-7362-4980-A177-F243A9DEF184}
		{7B836A4D-ACB9-4DAB-B1AB-8ACCA5A3B086} = {F36F3A62-7362-4980-A177-F243A9DEF184}
		{F22E60F2-560B-4EB3-B76B-B71A815CF9AB} = {0D6C0495-3E8D-4610-97EE-F66FE1D435F6}
		{413FB60E-93F6-43AB-BB7C-DBD710228A59} = {0D6C0495-3E8D-4610-97EE-F66FE1D435F6}
		{14F0E6AC-AE88-4442-B425-977755EDFEFF} = {0D6C0495-3E8D-4610-97EE-F66FE1D435F6}
		{2B3796EC-9C25-4EA9-AB0A-506038226999} = {9376892C-5EED-473D-90F8-10830568AC30}
		{47374357-E996-4F7B-AB9C-849A800EAD3F} = {9376892C-5EED-473D-90F8-10830568AC30}
		{3CCD6399-9346-4F6D-A577-9967EFF587DB} = {9376892C-5EED-473D-90F8-10830568AC30}
	EndGlobalSection
	GlobalSection(ExtensibilityGlobals) = postSolution
		SolutionGuid = {421E1162-1BA6-4087-85CC-94278EBDFFC2}
	EndGlobalSection
EndGlobal
