
Microsoft Visual Studio Solution File, Format Version 12.00
# Visual Studio Version 17
VisualStudioVersion = 17.14.36518.9
MinimumVisualStudioVersion = 10.0.40219.1
Project("{2150E333-8FDC-42A3-9474-1A3956D46DE8}") = "Task0", "Task0", "{02EA681E-C7D8-13C7-8484-4AC65E1B71E8}"
EndProject
Project("{FAE04EC0-301F-11D3-BF4B-00C04F79EFBC}") = "Tyuiu.KuharonakSV.Sprint3.Task0.V20", "Tyuiu.KuharonakSV.Sprint3.Task0.V20\Tyuiu.KuharonakSV.Sprint3.Task0.V20.csproj", "{5CF8E18E-73F1-4E93-AB00-31866C87B320}"
EndProject
Project("{FAE04EC0-301F-11D3-BF4B-00C04F79EFBC}") = "Tyuiu.KuharonakSV.Sprint3.Task0.V20.Lib", "Tyuiu.KuharonakSV.Sprint3.Task0.V20.Lib\Tyuiu.KuharonakSV.Sprint3.Task0.V20.Lib.csproj", "{D1A1AADC-E4DC-49A0-AACC-7627D05E199D}"
EndProject
Project("{FAE04EC0-301F-11D3-BF4B-00C04F79EFBC}") = "Tyuiu.KuharonakSV.Sprint3.Task0.V20.Test", "Tyuiu.KuharonakSV.Sprint3.Task0.V20.Test\Tyuiu.KuharonakSV.Sprint3.Task0.V20.Test.csproj", "{081E83F2-05EE-4BB7-B8D5-2BDB6CF4AD7D}"
EndProject
Global
	GlobalSection(SolutionConfigurationPlatforms) = preSolution
		Debug|Any CPU = Debug|Any CPU
		Release|Any CPU = Release|Any CPU
	EndGlobalSection
	GlobalSection(ProjectConfigurationPlatforms) = postSolution
		{5CF8E18E-73F1-4E93-AB00-31866C87B320}.Debug|Any CPU.ActiveCfg = Debug|Any CPU
		{5CF8E18E-73F1-4E93-AB00-31866C87B320}.Debug|Any CPU.Build.0 = Debug|Any CPU
		{5CF8E18E-73F1-4E93-AB00-31866C87B320}.Release|Any CPU.ActiveCfg = Release|Any CPU
		{5CF8E18E-73F1-4E93-AB00-31866C87B320}.Release|Any CPU.Build.0 = Release|Any CPU
		{D1A1AADC-E4DC-49A0-AACC-7627D05E199D}.Debug|Any CPU.ActiveCfg = Debug|Any CPU
		{D1A1AADC-E4DC-49A0-AACC-7627D05E199D}.Debug|Any CPU.Build.0 = Debug|Any CPU
		{D1A1AADC-E4DC-49A0-AACC-7627D05E199D}.Release|Any CPU.ActiveCfg = Release|Any CPU
		{D1A1AADC-E4DC-49A0-AACC-7627D05E199D}.Release|Any CPU.Build.0 = Release|Any CPU
		{081E83F2-05EE-4BB7-B8D5-2BDB6CF4AD7D}.Debug|Any CPU.ActiveCfg = Debug|Any CPU
		{081E83F2-05EE-4BB7-B8D5-2BDB6CF4AD7D}.Debug|Any CPU.Build.0 = Debug|Any CPU
		{081E83F2-05EE-4BB7-B8D5-2BDB6CF4AD7D}.Release|Any CPU.ActiveCfg = Release|Any CPU
		{081E83F2-05EE-4BB7-B8D5-2BDB6CF4AD7D}.Release|Any CPU.Build.0 = Release|Any CPU
	EndGlobalSection
	GlobalSection(SolutionProperties) = preSolution
		HideSolutionNode = FALSE
	EndGlobalSection
	GlobalSection(NestedProjects) = preSolution
		{5CF8E18E-73F1-4E93-AB00-31866C87B320} = {02EA681E-C7D8-13C7-8484-4AC65E1B71E8}
		{D1A1AADC-E4DC-49A0-AACC-7627D05E199D} = {02EA681E-C7D8-13C7-8484-4AC65E1B71E8}
		{081E83F2-05EE-4BB7-B8D5-2BDB6CF4AD7D} = {02EA681E-C7D8-13C7-8484-4AC65E1B71E8}
	EndGlobalSection
	GlobalSection(ExtensibilityGlobals) = postSolution
		SolutionGuid = {421E1162-1BA6-4087-85CC-94278EBDFFC2}
	EndGlobalSection
EndGlobal
